
Microsoft Visual Studio Solution File, Format Version 12.00
# Visual Studio Version 17
VisualStudioVersion = 17.14.36109.1 d17.14
MinimumVisualStudioVersion = 10.0.40219.1
Project("{FAE04EC0-301F-11D3-BF4B-00C04F79EFBC}") = "API", "API\API.csproj", "{42752B15-37E8-48FF-B1B4-A1AB661CA1DB}"
EndProject
Global
	GlobalSection(SolutionConfigurationPlatforms) = preSolution
		Debug|Any CPU = Debug|Any CPU
		Release|Any CPU = Release|Any CPU
	EndGlobalSection
	GlobalSection(ProjectConfigurationPlatforms) = postSolution
		{42752B15-37E8-48FF-B1B4-A1AB661CA1DB}.Debug|Any CPU.ActiveCfg = Debug|Any CPU
		{42752B15-37E8-48FF-B1B4-A1AB661CA1DB}.Debug|Any CPU.Build.0 = Debug|Any CPU
		{42752B15-37E8-48FF-B1B4-A1AB661CA1DB}.Release|Any CPU.ActiveCfg = Release|Any CPU
		{42752B15-37E8-48FF-B1B4-A1AB661CA1DB}.Release|Any CPU.Build.0 = Release|Any CPU
	EndGlobalSection
	GlobalSection(SolutionProperties) = preSolution
		HideSolutionNode = FALSE
	EndGlobalSection
	GlobalSection(ExtensibilityGlobals) = postSolution
		SolutionGuid = {DDADA95C-979F-49F5-B919-C47B5A315747}
	EndGlobalSection
EndGlobal
